
Microsoft Visual Studio Solution File, Format Version 12.00
# Visual Studio Version 17
VisualStudioVersion = 17.7.34202.233
MinimumVisualStudioVersion = 10.0.40219.1
Project("{9A19103F-16F7-4668-BE54-9A1E7A4F7556}") = "lab6.1", "lab6\lab6.1.csproj", "{2B22F282-225C-4E2C-A2EB-B854A8905559}"
EndProject
Global
	GlobalSection(SolutionConfigurationPlatforms) = preSolution
		Debug|Any CPU = Debug|Any CPU
		Release|Any CPU = Release|Any CPU
	EndGlobalSection
	GlobalSection(ProjectConfigurationPlatforms) = postSolution
		{2B22F282-225C-4E2C-A2EB-B854A8905559}.Debug|Any CPU.ActiveCfg = Debug|Any CPU
		{2B22F282-225C-4E2C-A2EB-B854A8905559}.Debug|Any CPU.Build.0 = Debug|Any CPU
		{2B22F282-225C-4E2C-A2EB-B854A8905559}.Release|Any CPU.ActiveCfg = Release|Any CPU
		{2B22F282-225C-4E2C-A2EB-B854A8905559}.Release|Any CPU.Build.0 = Release|Any CPU
	EndGlobalSection
	GlobalSection(SolutionProperties) = preSolution
		HideSolutionNode = FALSE
	EndGlobalSection
	GlobalSection(ExtensibilityGlobals) = postSolution
		SolutionGuid = {564D302B-D405-45FD-9218-C003C857EE1E}
	EndGlobalSection
EndGlobal
